
Microsoft Visual Studio Solution File, Format Version 12.00
# Visual Studio Version 17
VisualStudioVersion = 17.8.34330.188
MinimumVisualStudioVersion = 10.0.40219.1
Project("{FAE04EC0-301F-11D3-BF4B-00C04F79EFBC}") = "PackageTesting", "PackageTesting\PackageTesting.csproj", "{913FEBB8-EF80-4E04-968E-4DA2B1D6B553}"
EndProject
Project("{2150E333-8FDC-42A3-9474-1A3956D46DE8}") = "Элементы решения", "Элементы решения", "{3B59033F-F431-423B-AF0C-11E891E27D15}"
	ProjectSection(SolutionItems) = preProject
		PackageTesting\bin\Debug\inputData.ini = PackageTesting\bin\Debug\inputData.ini
	EndProjectSection
EndProject
Global
	GlobalSection(SolutionConfigurationPlatforms) = preSolution
		Debug|Any CPU = Debug|Any CPU
		Release|Any CPU = Release|Any CPU
	EndGlobalSection
	GlobalSection(ProjectConfigurationPlatforms) = postSolution
		{913FEBB8-EF80-4E04-968E-4DA2B1D6B553}.Debug|Any CPU.ActiveCfg = Debug|Any CPU
		{913FEBB8-EF80-4E04-968E-4DA2B1D6B553}.Debug|Any CPU.Build.0 = Debug|Any CPU
		{913FEBB8-EF80-4E04-968E-4DA2B1D6B553}.Release|Any CPU.ActiveCfg = Release|Any CPU
		{913FEBB8-EF80-4E04-968E-4DA2B1D6B553}.Release|Any CPU.Build.0 = Release|Any CPU
	EndGlobalSection
	GlobalSection(SolutionProperties) = preSolution
		HideSolutionNode = FALSE
	EndGlobalSection
	GlobalSection(ExtensibilityGlobals) = postSolution
		SolutionGuid = {B6A9F015-BFCF-41AC-A3F8-405C49572E31}
	EndGlobalSection
EndGlobal
